
Microsoft Visual Studio Solution File, Format Version 12.00
# Visual Studio Version 17
VisualStudioVersion = 17.10.35004.147
MinimumVisualStudioVersion = 10.0.40219.1
Project("{FAE04EC0-301F-11D3-BF4B-00C04F79EFBC}") = "codehubMvcDemo", "codehubMvcDemo\codehubMvcDemo.csproj", "{2950E7F2-FA78-4A81-B50C-C2C79DF25D95}"
EndProject
Global
	GlobalSection(SolutionConfigurationPlatforms) = preSolution
		Debug|Any CPU = Debug|Any CPU
		Release|Any CPU = Release|Any CPU
	EndGlobalSection
	GlobalSection(ProjectConfigurationPlatforms) = postSolution
		{2950E7F2-FA78-4A81-B50C-C2C79DF25D95}.Debug|Any CPU.ActiveCfg = Debug|Any CPU
		{2950E7F2-FA78-4A81-B50C-C2C79DF25D95}.Debug|Any CPU.Build.0 = Debug|Any CPU
		{2950E7F2-FA78-4A81-B50C-C2C79DF25D95}.Release|Any CPU.ActiveCfg = Release|Any CPU
		{2950E7F2-FA78-4A81-B50C-C2C79DF25D95}.Release|Any CPU.Build.0 = Release|Any CPU
	EndGlobalSection
	GlobalSection(SolutionProperties) = preSolution
		HideSolutionNode = FALSE
	EndGlobalSection
	GlobalSection(ExtensibilityGlobals) = postSolution
		SolutionGuid = {A788521A-B04C-4291-AF1D-3990D8FFF279}
	EndGlobalSection
EndGlobal
